
Microsoft Visual Studio Solution File, Format Version 12.00
# Visual Studio Version 17
VisualStudioVersion = 17.8.34309.116
MinimumVisualStudioVersion = 10.0.40219.1
Project("{FAE04EC0-301F-11D3-BF4B-00C04F79EFBC}") = "Tortillawards", "Tortillawards\Tortillawards\Tortillawards.csproj", "{70DCB843-5686-414C-B2D8-94E82ACBC04C}"
EndProject
Project("{FAE04EC0-301F-11D3-BF4B-00C04F79EFBC}") = "Tortillawards.Client", "Tortillawards\Tortillawards.Client\Tortillawards.Client.csproj", "{CA43A063-6706-46B4-ACBD-042A7C6DE1E1}"
EndProject
Global
	GlobalSection(SolutionConfigurationPlatforms) = preSolution
		Debug|Any CPU = Debug|Any CPU
		Release|Any CPU = Release|Any CPU
	EndGlobalSection
	GlobalSection(ProjectConfigurationPlatforms) = postSolution
		{70DCB843-5686-414C-B2D8-94E82ACBC04C}.Debug|Any CPU.ActiveCfg = Debug|Any CPU
		{70DCB843-5686-414C-B2D8-94E82ACBC04C}.Debug|Any CPU.Build.0 = Debug|Any CPU
		{70DCB843-5686-414C-B2D8-94E82ACBC04C}.Release|Any CPU.ActiveCfg = Release|Any CPU
		{70DCB843-5686-414C-B2D8-94E82ACBC04C}.Release|Any CPU.Build.0 = Release|Any CPU
		{CA43A063-6706-46B4-ACBD-042A7C6DE1E1}.Debug|Any CPU.ActiveCfg = Debug|Any CPU
		{CA43A063-6706-46B4-ACBD-042A7C6DE1E1}.Debug|Any CPU.Build.0 = Debug|Any CPU
		{CA43A063-6706-46B4-ACBD-042A7C6DE1E1}.Release|Any CPU.ActiveCfg = Release|Any CPU
		{CA43A063-6706-46B4-ACBD-042A7C6DE1E1}.Release|Any CPU.Build.0 = Release|Any CPU
	EndGlobalSection
	GlobalSection(SolutionProperties) = preSolution
		HideSolutionNode = FALSE
	EndGlobalSection
	GlobalSection(ExtensibilityGlobals) = postSolution
		SolutionGuid = {6C7F4F31-337F-410B-9E99-1DF5ED3373BE}
	EndGlobalSection
EndGlobal
